
Microsoft Visual Studio Solution File, Format Version 12.00
# Visual Studio Version 16
VisualStudioVersion = 16.0.29209.62
MinimumVisualStudioVersion = 10.0.40219.1
Project("{8BC9CEB8-8B4A-11D0-8D11-00A0C91BC942}") = "Server", "Server\Server.vcxproj", "{443D1825-541D-4CBA-90D6-C4591C3AF907}"
	ProjectSection(ProjectDependencies) = postProject
		{861B42BB-34E5-4C79-A960-428136A7DB93} = {861B42BB-34E5-4C79-A960-428136A7DB93}
	EndProjectSection
EndProject
Project("{8BC9CEB8-8B4A-11D0-8D11-00A0C91BC942}") = "reader", "reader\reader.vcxproj", "{861B42BB-34E5-4C79-A960-428136A7DB93}"
EndProject
Project("{8BC9CEB8-8B4A-11D0-8D11-00A0C91BC942}") = "RerollBotConsole", "RerollBotConsole\RerollBotConsole.vcxproj", "{AF284A97-0222-4D48-82D1-07B5DE250748}"
	ProjectSection(ProjectDependencies) = postProject
		{861B42BB-34E5-4C79-A960-428136A7DB93} = {861B42BB-34E5-4C79-A960-428136A7DB93}
	EndProjectSection
EndProject
Project("{8BC9CEB8-8B4A-11D0-8D11-00A0C91BC942}") = "unit_tests", "unit_tests\unit_tests.vcxproj", "{1D87A228-C84D-409D-8A8F-45E61F0613A9}"
EndProject
Project("{8BC9CEB8-8B4A-11D0-8D11-00A0C91BC942}") = "readerWrapper", "readerWrapper\readerWrapper.vcxproj", "{D1F34FA6-68CE-4BE9-A92D-08097F2902D3}"
EndProject
Global
	GlobalSection(SolutionConfigurationPlatforms) = preSolution
		Debug|x64 = Debug|x64
		Debug|x86 = Debug|x86
		Release|x64 = Release|x64
		Release|x86 = Release|x86
	EndGlobalSection
	GlobalSection(ProjectConfigurationPlatforms) = postSolution
		{443D1825-541D-4CBA-90D6-C4591C3AF907}.Debug|x64.ActiveCfg = Debug|x64
		{443D1825-541D-4CBA-90D6-C4591C3AF907}.Debug|x64.Build.0 = Debug|x64
		{443D1825-541D-4CBA-90D6-C4591C3AF907}.Debug|x86.ActiveCfg = Debug|x64
		{443D1825-541D-4CBA-90D6-C4591C3AF907}.Release|x64.ActiveCfg = Release|x64
		{443D1825-541D-4CBA-90D6-C4591C3AF907}.Release|x64.Build.0 = Release|x64
		{443D1825-541D-4CBA-90D6-C4591C3AF907}.Release|x86.ActiveCfg = Release|x64
		{861B42BB-34E5-4C79-A960-428136A7DB93}.Debug|x64.ActiveCfg = Debug|x64
		{861B42BB-34E5-4C79-A960-428136A7DB93}.Debug|x64.Build.0 = Debug|x64
		{861B42BB-34E5-4C79-A960-428136A7DB93}.Debug|x86.ActiveCfg = Debug|Win32
		{861B42BB-34E5-4C79-A960-428136A7DB93}.Debug|x86.Build.0 = Debug|Win32
		{861B42BB-34E5-4C79-A960-428136A7DB93}.Release|x64.ActiveCfg = Release|x64
		{861B42BB-34E5-4C79-A960-428136A7DB93}.Release|x64.Build.0 = Release|x64
		{861B42BB-34E5-4C79-A960-428136A7DB93}.Release|x86.ActiveCfg = Release|Win32
		{861B42BB-34E5-4C79-A960-428136A7DB93}.Release|x86.Build.0 = Release|Win32
		{AF284A97-0222-4D48-82D1-07B5DE250748}.Debug|x64.ActiveCfg = Debug|x64
		{AF284A97-0222-4D48-82D1-07B5DE250748}.Debug|x64.Build.0 = Debug|x64
		{AF284A97-0222-4D48-82D1-07B5DE250748}.Debug|x86.ActiveCfg = Debug|Win32
		{AF284A97-0222-4D48-82D1-07B5DE250748}.Debug|x86.Build.0 = Debug|Win32
		{AF284A97-0222-4D48-82D1-07B5DE250748}.Release|x64.ActiveCfg = Release|x64
		{AF284A97-0222-4D48-82D1-07B5DE250748}.Release|x64.Build.0 = Release|x64
		{AF284A97-0222-4D48-82D1-07B5DE250748}.Release|x86.ActiveCfg = Release|Win32
		{AF284A97-0222-4D48-82D1-07B5DE250748}.Release|x86.Build.0 = Release|Win32
		{1D87A228-C84D-409D-8A8F-45E61F0613A9}.Debug|x64.ActiveCfg = Debug|x64
		{1D87A228-C84D-409D-8A8F-45E61F0613A9}.Debug|x64.Build.0 = Debug|x64
		{1D87A228-C84D-409D-8A8F-45E61F0613A9}.Debug|x86.ActiveCfg = Debug|Win32
		{1D87A228-C84D-409D-8A8F-45E61F0613A9}.Debug|x86.Build.0 = Debug|Win32
		{1D87A228-C84D-409D-8A8F-45E61F0613A9}.Release|x64.ActiveCfg = Release|x64
		{1D87A228-C84D-409D-8A8F-45E61F0613A9}.Release|x64.Build.0 = Release|x64
		{1D87A228-C84D-409D-8A8F-45E61F0613A9}.Release|x86.ActiveCfg = Release|Win32
		{1D87A228-C84D-409D-8A8F-45E61F0613A9}.Release|x86.Build.0 = Release|Win32
		{D1F34FA6-68CE-4BE9-A92D-08097F2902D3}.Debug|x64.ActiveCfg = Debug|x64
		{D1F34FA6-68CE-4BE9-A92D-08097F2902D3}.Debug|x64.Build.0 = Debug|x64
		{D1F34FA6-68CE-4BE9-A92D-08097F2902D3}.Debug|x86.ActiveCfg = Debug|Win32
		{D1F34FA6-68CE-4BE9-A92D-08097F2902D3}.Debug|x86.Build.0 = Debug|Win32
		{D1F34FA6-68CE-4BE9-A92D-08097F2902D3}.Release|x64.ActiveCfg = Release|x64
		{D1F34FA6-68CE-4BE9-A92D-08097F2902D3}.Release|x64.Build.0 = Release|x64
		{D1F34FA6-68CE-4BE9-A92D-08097F2902D3}.Release|x86.ActiveCfg = Release|Win32
		{D1F34FA6-68CE-4BE9-A92D-08097F2902D3}.Release|x86.Build.0 = Release|Win32
	EndGlobalSection
	GlobalSection(SolutionProperties) = preSolution
		HideSolutionNode = FALSE
	EndGlobalSection
	GlobalSection(ExtensibilityGlobals) = postSolution
		SolutionGuid = {177B0F1A-D7B3-4F56-8F83-EE87C1B64C32}
	EndGlobalSection
EndGlobal
